
Microsoft Visual Studio Solution File, Format Version 12.00
# Visual Studio 14
VisualStudioVersion = 14.0.22609.0
MinimumVisualStudioVersion = 10.0.40219.1
Project("{FAE04EC0-301F-11D3-BF4B-00C04F79EFBC}") = "Minimalistic.Servers", "Minimalistic.Servers\Minimalistic.Servers.csproj", "{5C0EE78A-3BB5-4729-BC71-4FEC48E31BAF}"
EndProject
Project("{FAE04EC0-301F-11D3-BF4B-00C04F79EFBC}") = "Minimalistic.Clients", "Minimalistic.Clients\Minimalistic.Clients.csproj", "{DD0DDB00-9BB3-44E4-A3C4-445E2C993813}"
EndProject
Project("{FAE04EC0-301F-11D3-BF4B-00C04F79EFBC}") = "Minimalistic.TFS", "Minimalistic.TFS\Minimalistic.TFS.csproj", "{B4A0C7F6-19E2-4C0A-B438-2DB131391DAD}"
EndProject
Global
	GlobalSection(SolutionConfigurationPlatforms) = preSolution
		Debug|Any CPU = Debug|Any CPU
		Release|Any CPU = Release|Any CPU
	EndGlobalSection
	GlobalSection(ProjectConfigurationPlatforms) = postSolution
		{5C0EE78A-3BB5-4729-BC71-4FEC48E31BAF}.Debug|Any CPU.ActiveCfg = Debug|Any CPU
		{5C0EE78A-3BB5-4729-BC71-4FEC48E31BAF}.Debug|Any CPU.Build.0 = Debug|Any CPU
		{5C0EE78A-3BB5-4729-BC71-4FEC48E31BAF}.Release|Any CPU.ActiveCfg = Release|Any CPU
		{5C0EE78A-3BB5-4729-BC71-4FEC48E31BAF}.Release|Any CPU.Build.0 = Release|Any CPU
		{DD0DDB00-9BB3-44E4-A3C4-445E2C993813}.Debug|Any CPU.ActiveCfg = Debug|Any CPU
		{DD0DDB00-9BB3-44E4-A3C4-445E2C993813}.Debug|Any CPU.Build.0 = Debug|Any CPU
		{DD0DDB00-9BB3-44E4-A3C4-445E2C993813}.Release|Any CPU.ActiveCfg = Release|Any CPU
		{DD0DDB00-9BB3-44E4-A3C4-445E2C993813}.Release|Any CPU.Build.0 = Release|Any CPU
		{B4A0C7F6-19E2-4C0A-B438-2DB131391DAD}.Debug|Any CPU.ActiveCfg = Debug|Any CPU
		{B4A0C7F6-19E2-4C0A-B438-2DB131391DAD}.Debug|Any CPU.Build.0 = Debug|Any CPU
		{B4A0C7F6-19E2-4C0A-B438-2DB131391DAD}.Release|Any CPU.ActiveCfg = Release|Any CPU
		{B4A0C7F6-19E2-4C0A-B438-2DB131391DAD}.Release|Any CPU.Build.0 = Release|Any CPU
	EndGlobalSection
	GlobalSection(SolutionProperties) = preSolution
		HideSolutionNode = FALSE
	EndGlobalSection
EndGlobal
